<?xml version="1.0" encoding="utf-8"?>
<Project ToolsVersion="4.0" xmlns="http://schemas.microsoft.com/developer/msbuild/2003">
  <ItemGroup>
    <Filter Include="源文件">
      <UniqueIdentifier>{4FC737F1-C7A5-4376-A066-2A32D752A2FF}</UniqueIdentifier>
      <Extensions>cpp;c;cc;cxx;c++;cppm;ixx;def;odl;idl;hpj;bat;asm;asmx</Extensions>
    </Filter>
    <Filter Include="头文件">
      <UniqueIdentifier>{93995380-89BD-4b04-88EB-625FBE52EBFB}</UniqueIdentifier>
      <Extensions>h;hh;hpp;hxx;h++;hm;inl;inc;ipp;xsd</Extensions>
    </Filter>
    <Filter Include="资源文件">
      <UniqueIdentifier>{67DA6AB6-F800-4c08-8B7A-83BB121AAD01}</UniqueIdentifier>
      <Extensions>rc;ico;cur;bmp;dlg;rc2;rct;bin;rgs;gif;jpg;jpeg;jpe;resx;tiff;tif;png;wav;mfcribbon-ms</Extensions>
    </Filter>
  </ItemGroup>
  <ItemGroup>
    <ClCompile Include="main.cpp">
      <Filter>源文件</Filter>
    </ClCompile>
    <ClCompile Include="NEPath-master\Basic.cpp">
      <Filter>源文件</Filter>
    </ClCompile>
    <ClCompile Include="NEPath-master\clipper.cpp">
      <Filter>源文件</Filter>
    </ClCompile>
    <ClCompile Include="NEPath-master\ContourParallel.cpp">
      <Filter>源文件</Filter>
    </ClCompile>
    <ClCompile Include="NEPath-master\Curve.cpp">
      <Filter>源文件</Filter>
    </ClCompile>
    <ClCompile Include="NEPath-master\DirectionParallel.cpp">
      <Filter>源文件</Filter>
    </ClCompile>
    <ClCompile Include="NEPath-master\path.cpp">
      <Filter>源文件</Filter>
    </ClCompile>
    <ClCompile Include="NEPath-master\NEPathPlanner.cpp">
      <Filter>源文件</Filter>
    </ClCompile>
    <ClCompile Include="NEPath-master\PlanningOptions.cpp">
      <Filter>源文件</Filter>
    </ClCompile>
    <ClCompile Include="demos.cpp">
      <Filter>源文件</Filter>
    </ClCompile>
    <ClCompile Include="NEPath-master\FileAgent.cpp">
      <Filter>源文件</Filter>
    </ClCompile>
    <ClCompile Include="NEPath-master\NonEquidistant.cpp">
      <Filter>源文件</Filter>
    </ClCompile>
  </ItemGroup>
  <ItemGroup>
    <ClInclude Include="NEPath-master\Basic.h">
      <Filter>头文件</Filter>
    </ClInclude>
    <ClInclude Include="NEPath-master\clipper.hpp">
      <Filter>头文件</Filter>
    </ClInclude>
    <ClInclude Include="NEPath-master\ContourParallel.h">
      <Filter>头文件</Filter>
    </ClInclude>
    <ClInclude Include="NEPath-master\Curve.h">
      <Filter>头文件</Filter>
    </ClInclude>
    <ClInclude Include="NEPath-master\DirectionParallel.h">
      <Filter>头文件</Filter>
    </ClInclude>
    <ClInclude Include="NEPath-master\path.h">
      <Filter>头文件</Filter>
    </ClInclude>
    <ClInclude Include="NEPath-master\NEPathPlanner.h">
      <Filter>头文件</Filter>
    </ClInclude>
    <ClInclude Include="NEPath-master\PlanningOptions.h">
      <Filter>头文件</Filter>
    </ClInclude>
    <ClInclude Include="demos.h">
      <Filter>头文件</Filter>
    </ClInclude>
    <ClInclude Include="NEPath-master\FileAgent.h">
      <Filter>头文件</Filter>
    </ClInclude>
    <ClInclude Include="NEPath-master\NonEquidistant.h">
      <Filter>头文件</Filter>
    </ClInclude>
  </ItemGroup>
</Project>