
Microsoft Visual Studio Solution File, Format Version 12.00
# Visual Studio Version 17
VisualStudioVersion = 17.0.32014.148
MinimumVisualStudioVersion = 10.0.40219.1
Project("{8BC9CEB8-8B4A-11D0-8D11-00A0C91BC942}") = "NEPath", "NEPath.vcxproj", "{58B91E0A-4992-4D62-BB68-04148834C50C}"
EndProject
Global
	GlobalSection(SolutionConfigurationPlatforms) = preSolution
		Debug|x64 = Debug|x64
		Debug|x86 = Debug|x86
		Release|x64 = Release|x64
		Release|x86 = Release|x86
	EndGlobalSection
	GlobalSection(ProjectConfigurationPlatforms) = postSolution
		{58B91E0A-4992-4D62-BB68-04148834C50C}.Debug|x64.ActiveCfg = Debug|x64
		{58B91E0A-4992-4D62-BB68-04148834C50C}.Debug|x64.Build.0 = Debug|x64
		{58B91E0A-4992-4D62-BB68-04148834C50C}.Debug|x86.ActiveCfg = Debug|Win32
		{58B91E0A-4992-4D62-BB68-04148834C50C}.Debug|x86.Build.0 = Debug|Win32
		{58B91E0A-4992-4D62-BB68-04148834C50C}.Release|x64.ActiveCfg = Release|x64
		{58B91E0A-4992-4D62-BB68-04148834C50C}.Release|x64.Build.0 = Release|x64
		{58B91E0A-4992-4D62-BB68-04148834C50C}.Release|x86.ActiveCfg = Release|Win32
		{58B91E0A-4992-4D62-BB68-04148834C50C}.Release|x86.Build.0 = Release|Win32
	EndGlobalSection
	GlobalSection(SolutionProperties) = preSolution
		HideSolutionNode = FALSE
	EndGlobalSection
	GlobalSection(ExtensibilityGlobals) = postSolution
		SolutionGuid = {FAB6E4C9-50EF-4143-AC14-7C866CDA8E13}
	EndGlobalSection
EndGlobal
